{
  "requires": true,
  "lockfileVersion": 1,
  "dependencies": {
    "tabler-icons": {
      "version": "1.10.0",
      "resolved": "https://registry.npmjs.org/tabler-icons/-/tabler-icons-1.10.0.tgz",
      "integrity": "sha512-rppNAVxVr6MAGoC8dvm9I+bsxTLcNI+YRlTd2+JhL/JdGUD5SeQc5L07FqD4AknC1omUHQVryCpI6NtS1HU4Kw=="
    }
  }
}
